{
  "object": {
    "pins": [
      {
        "package": "Bluetooth",
        "repositoryURL": "https://github.com/PureSwift/Bluetooth.git",
        "state": {
          "branch": "master",
          "revision": "f15e8883382742cc3fe8dfbe8520f361771dcda8",
          "version": null
        }
      },
      {
        "package": "BluetoothLinux",
        "repositoryURL": "https://github.com/blocks-lockers/BluetoothLinux",
        "state": {
          "branch": "develop",
          "revision": "49c5896d9fe330647da06ca251400c1674d30ba3",
          "version": null
        }
      },
      {
        "package": "GATT",
        "repositoryURL": "https://github.com/blocks-lockers/GATT",
        "state": {
          "branch": "master",
          "revision": "51a10bb5e758bf2723bd49251c57fe5e7ea9a2df",
          "version": null
        }
      },
      {
        "package": "Runtime",
        "repositoryURL": "https://github.com/wickwirew/Runtime",
        "state": {
          "branch": null,
          "revision": "dad03135d7701a4e7b3a4051e75d6b37bd8e178e",
          "version": "2.2.4"
        }
      },
      {
        "package": "swift-system",
        "repositoryURL": "https://github.com/blocks-lockers/swift-system.git",
        "state": {
          "branch": "master",
          "revision": "bfe7ad0bc014c41bd3eff540b74301ccf975dcd4",
          "version": null
        }
      }
    ]
  },
  "version": 1
}
