{
  "object": {
    "pins": [
      {
        "package": "Bluetooth",
        "repositoryURL": "https://github.com/PureSwift/Bluetooth.git",
        "state": {
          "branch": "master",
          "revision": "f15e8883382742cc3fe8dfbe8520f361771dcda8",
          "version": null
        }
      },
      {
        "package": "BluetoothLinux",
        "repositoryURL": "https://github.com/PureSwift/BluetoothLinux",
        "state": {
          "branch": "master",
          "revision": "2dd9e72da6932e656ae89fe8f7749bd810ad36c5",
          "version": null
        }
      },
      {
        "package": "GATT",
        "repositoryURL": "https://github.com/PureSwift/GATT",
        "state": {
          "branch": "master",
          "revision": "c3bbda8000e3b82486ca9a353725d1bfbc7701e8",
          "version": null
        }
      },
      {
        "package": "Runtime",
        "repositoryURL": "https://github.com/wickwirew/Runtime.git",
        "state": {
          "branch": null,
          "revision": "dad03135d7701a4e7b3a4051e75d6b37bd8e178e",
          "version": "2.2.4"
        }
      }
    ]
  },
  "version": 1
}
